
Microsoft Visual Studio Solution File, Format Version 12.00
# Visual Studio Version 16
VisualStudioVersion = 16.0.31112.23
MinimumVisualStudioVersion = 10.0.40219.1
Project("{8BC9CEB8-8B4A-11D0-8D11-00A0C91BC942}") = "乐器", "乐器\乐器.vcxproj", "{50B856CF-838B-41AA-9885-8ED9D454BD6F}"
EndProject
Global
	GlobalSection(SolutionConfigurationPlatforms) = preSolution
		Debug|x64 = Debug|x64
		Debug|x86 = Debug|x86
		Release|x64 = Release|x64
		Release|x86 = Release|x86
	EndGlobalSection
	GlobalSection(ProjectConfigurationPlatforms) = postSolution
		{50B856CF-838B-41AA-9885-8ED9D454BD6F}.Debug|x64.ActiveCfg = Debug|x64
		{50B856CF-838B-41AA-9885-8ED9D454BD6F}.Debug|x64.Build.0 = Debug|x64
		{50B856CF-838B-41AA-9885-8ED9D454BD6F}.Debug|x86.ActiveCfg = Debug|Win32
		{50B856CF-838B-41AA-9885-8ED9D454BD6F}.Debug|x86.Build.0 = Debug|Win32
		{50B856CF-838B-41AA-9885-8ED9D454BD6F}.Release|x64.ActiveCfg = Release|x64
		{50B856CF-838B-41AA-9885-8ED9D454BD6F}.Release|x64.Build.0 = Release|x64
		{50B856CF-838B-41AA-9885-8ED9D454BD6F}.Release|x86.ActiveCfg = Release|Win32
		{50B856CF-838B-41AA-9885-8ED9D454BD6F}.Release|x86.Build.0 = Release|Win32
	EndGlobalSection
	GlobalSection(SolutionProperties) = preSolution
		HideSolutionNode = FALSE
	EndGlobalSection
	GlobalSection(ExtensibilityGlobals) = postSolution
		SolutionGuid = {1078F987-E4E9-45E1-A6D8-B6592B2E24F6}
	EndGlobalSection
EndGlobal
